
Microsoft Visual Studio Solution File, Format Version 12.00
Project("{F2A71F9B-5D33-465A-A702-920D77279786}") = "TimeCalc", "TimeCalc\TimeCalc.fsproj", "{3609B91F-1C75-428F-A6B9-226BB9B7157C}"
EndProject
Global
	GlobalSection(SolutionConfigurationPlatforms) = preSolution
		Debug|Any CPU = Debug|Any CPU
		Release|Any CPU = Release|Any CPU
	EndGlobalSection
	GlobalSection(ProjectConfigurationPlatforms) = postSolution
		{3609B91F-1C75-428F-A6B9-226BB9B7157C}.Debug|Any CPU.ActiveCfg = Debug|Any CPU
		{3609B91F-1C75-428F-A6B9-226BB9B7157C}.Debug|Any CPU.Build.0 = Debug|Any CPU
		{3609B91F-1C75-428F-A6B9-226BB9B7157C}.Release|Any CPU.ActiveCfg = Release|Any CPU
		{3609B91F-1C75-428F-A6B9-226BB9B7157C}.Release|Any CPU.Build.0 = Release|Any CPU
	EndGlobalSection
EndGlobal
